github.com/bowlinedev/bowline v0.3.1-0.20260915204325-ba2c558170f5 h1:cZ0myToWWULB9Zxd7tg0GgL9qXpS827qEAyMYkoFQsk=
github.com/bowlinedev/bowline v0.3.1-0.20260915204325-ba2c558170f5/go.mod h1:QnIKfuTN7Lm8pRibyY3h+a8K4TwPb3S+5mt5/fh5U5U=
github.com/coder/websocket v1.8.15 h1:6B2JPeOGlpff2Uz6vOEH1Vzpi0iUz20A+lPVhPHtNUA=
github.com/coder/websocket v1.8.15/go.mod h1:NX3SzP+inril6yawo5CQXx8+fk145lPDC6pumgx0mVg=
