github.com/bowlinedev/bowline v0.2.1-0.20260915195321-b994a91e81b1 h1:wzJ4mojGRZMFOigsZylBJTvTi46esmSlN3P9ZZB7f9E=
github.com/bowlinedev/bowline v0.2.1-0.20260915195321-b994a91e81b1/go.mod h1:QnIKfuTN7Lm8pRibyY3h+a8K4TwPb3S+5mt5/fh5U5U=
github.com/coder/websocket v1.8.15 h1:6B2JPeOGlpff2Uz6vOEH1Vzpi0iUz20A+lPVhPHtNUA=
github.com/coder/websocket v1.8.15/go.mod h1:NX3SzP+inril6yawo5CQXx8+fk145lPDC6pumgx0mVg=
