github.com/bowlinedev/bowline v0.5.1-0.20260915223516-4d7c7a13fdd1 h1:NoHpmSnpsqpBfxwJ7jAsXVOMje8bQrski73FXxsIcoU=
github.com/bowlinedev/bowline v0.5.1-0.20260915223516-4d7c7a13fdd1/go.mod h1:QnIKfuTN7Lm8pRibyY3h+a8K4TwPb3S+5mt5/fh5U5U=
github.com/bowlinedev/bowline v0.6.0 h1:UdCIjm/q+r345xaoHWLxn0qSQZUHC1/9KcxpGVyClz8=
github.com/bowlinedev/bowline v0.6.0/go.mod h1:QnIKfuTN7Lm8pRibyY3h+a8K4TwPb3S+5mt5/fh5U5U=
