github.com/bowlinedev/bowline v0.6.1-0.20260915225450-d60f4822de2c h1://bdXXU95IAqWUnSTVVjYp7I0vxMQquuLZu8fzSSDHs=
github.com/bowlinedev/bowline v0.6.1-0.20260915225450-d60f4822de2c/go.mod h1:QnIKfuTN7Lm8pRibyY3h+a8K4TwPb3S+5mt5/fh5U5U=
github.com/bowlinedev/bowline v0.6.1-0.20260915233623-229fa381a8b1 h1:yr/jeBwYsC/QGUaiagO8Fb9SnqPEI3QHs8/TL3nO7Oc=
github.com/bowlinedev/bowline v0.6.1-0.20260915233623-229fa381a8b1/go.mod h1:QnIKfuTN7Lm8pRibyY3h+a8K4TwPb3S+5mt5/fh5U5U=
github.com/bowlinedev/bowline v1.0.1-0.20260918121552-87a9d0280421 h1:9HuU7HJpa/DHhRRpZb6erXzCjYc/NeETq6lqpeLZo3E=
github.com/bowlinedev/bowline v1.0.1-0.20260918121552-87a9d0280421/go.mod h1:QnIKfuTN7Lm8pRibyY3h+a8K4TwPb3S+5mt5/fh5U5U=
