github.com/bowlinedev/bowline v0.5.1-0.20260915223516-4d7c7a13fdd1 h1:NoHpmSnpsqpBfxwJ7jAsXVOMje8bQrski73FXxsIcoU=
github.com/bowlinedev/bowline v0.5.1-0.20260915223516-4d7c7a13fdd1/go.mod h1:QnIKfuTN7Lm8pRibyY3h+a8K4TwPb3S+5mt5/fh5U5U=
github.com/bowlinedev/bowline v0.6.1-0.20260915225530-cf97a4423650 h1:i8JRBlI0Yd8/g5OtkptnztzGTeBujktlHbfMHNnLkv4=
github.com/bowlinedev/bowline v0.6.1-0.20260915225530-cf97a4423650/go.mod h1:QnIKfuTN7Lm8pRibyY3h+a8K4TwPb3S+5mt5/fh5U5U=
github.com/bowlinedev/bowline/gateway v0.0.0-20260915225530-cf97a4423650 h1:ttuH/8lEhcllTyXC/kPGzbDNqRISMpmpY4dNOZWLcIU=
github.com/bowlinedev/bowline/gateway v0.0.0-20260915225530-cf97a4423650/go.mod h1:iuUk4WZ+26oJTsTfu2F9OPsBuaboDY2IVYZ/nRmVi/I=
github.com/bowlinedev/bowline/mcp v0.5.1-0.20260915223516-4d7c7a13fdd1 h1:eOoiTAaCxTnRGhSYEJmlGXpiRmPfReivCnkaqg9NbC4=
github.com/bowlinedev/bowline/mcp v0.5.1-0.20260915223516-4d7c7a13fdd1/go.mod h1:cI72sUCHiCn0k3L94DDQJXrg8rlkGF59Ve0R+c8xO+E=
github.com/bowlinedev/bowline/playground v0.5.1-0.20260915223516-4d7c7a13fdd1 h1:imT2h/oVkLyIozb6HbhJYqGL+F9flWCd8nuZZ7N3yr4=
github.com/bowlinedev/bowline/playground v0.5.1-0.20260915223516-4d7c7a13fdd1/go.mod h1:Hn07mfeY9LDzu1+0A+JfhoPPlZMKSHOrRyswuontuEk=
github.com/bowlinedev/bowline/registry v0.0.0-20260915225530-cf97a4423650 h1:cxqmt5cj2mtz/m4WLpxzWP9DOQuBJmrYwbEaRvUYujk=
github.com/bowlinedev/bowline/registry v0.0.0-20260915225530-cf97a4423650/go.mod h1:evE1vbM5mKxgGO9e/0jRZWEkGQf7+1EZSascZ7y+G5A=
github.com/google/go-cmp v0.6.0 h1:ofyhxvXcZhMsU5ulbFiLKl/XBFqE1GSq7atu8tAmTRI=
github.com/google/go-cmp v0.6.0/go.mod h1:17dUlkBOakJ0+DkrSSNjCkIjxS6bF9zb3elmeNGIjoY=
golang.org/x/mod v0.41.0 h1:qJmnOUb4YB+FsEuM3HcWucdZASCPGhsX6uljO6pog0c=
golang.org/x/mod v0.41.0/go.mod h1:Ek9pY8RKWXwsWvd3rQiHYtMqkjSUV+s1Rj7j4H5Ur6o=
golang.org/x/sync v0.23.0 h1:KameEIfc1IkluZyXWLn39Wd4tURc6GbCiISGiZm2bQk=
golang.org/x/sync v0.23.0/go.mod h1:sUUOizhqBxiL6pEWpqNLUiaJn1ShEbZ6BBqskPbjZm0=
golang.org/x/tools v0.50.0 h1:c2ifzfcuY7L90lZ2aKd8S4K2NpASF08SZx9ZuJkHmSU=
golang.org/x/tools v0.50.0/go.mod h1:7ulVMw3831Mwi5EZD6RomGyffr4VFjuNYXf2BbCEAV0=
