github.com/bowlinedev/bowline v0.3.1-0.20260915204325-ba2c558170f5 h1:cZ0myToWWULB9Zxd7tg0GgL9qXpS827qEAyMYkoFQsk=
github.com/bowlinedev/bowline v0.3.1-0.20260915204325-ba2c558170f5/go.mod h1:QnIKfuTN7Lm8pRibyY3h+a8K4TwPb3S+5mt5/fh5U5U=
github.com/bowlinedev/bowline/mcp v0.3.1-0.20260915204325-ba2c558170f5 h1:ANQhj3f7CqCX4LK/g2qpBrqBoc0Yrh6/FUIueLwNLCU=
github.com/bowlinedev/bowline/mcp v0.3.1-0.20260915204325-ba2c558170f5/go.mod h1:EA8va6x7w6VV2Efx0YELve0kwqjC2MSPZ0WoZ6q9dmM=
github.com/bowlinedev/bowline/playground v0.0.0-20260915204325-ba2c558170f5 h1:dF0rRJgDFgYIbkjlMZ9ETpSiuOYJNgIdt1KB+4MqM5c=
github.com/bowlinedev/bowline/playground v0.0.0-20260915204325-ba2c558170f5/go.mod h1:Hn07mfeY9LDzu1+0A+JfhoPPlZMKSHOrRyswuontuEk=
github.com/google/go-cmp v0.6.0 h1:ofyhxvXcZhMsU5ulbFiLKl/XBFqE1GSq7atu8tAmTRI=
github.com/google/go-cmp v0.6.0/go.mod h1:17dUlkBOakJ0+DkrSSNjCkIjxS6bF9zb3elmeNGIjoY=
golang.org/x/mod v0.41.0 h1:qJmnOUb4YB+FsEuM3HcWucdZASCPGhsX6uljO6pog0c=
golang.org/x/mod v0.41.0/go.mod h1:Ek9pY8RKWXwsWvd3rQiHYtMqkjSUV+s1Rj7j4H5Ur6o=
golang.org/x/sync v0.23.0 h1:KameEIfc1IkluZyXWLn39Wd4tURc6GbCiISGiZm2bQk=
golang.org/x/sync v0.23.0/go.mod h1:sUUOizhqBxiL6pEWpqNLUiaJn1ShEbZ6BBqskPbjZm0=
golang.org/x/tools v0.50.0 h1:c2ifzfcuY7L90lZ2aKd8S4K2NpASF08SZx9ZuJkHmSU=
golang.org/x/tools v0.50.0/go.mod h1:7ulVMw3831Mwi5EZD6RomGyffr4VFjuNYXf2BbCEAV0=
